// !$*UTF8*$!
{
	archiveVersion = 1;
	classes = {
	};
	objectVersion = 50;
	objects = {

/* Begin PBXBuildFile section */
		180FD4B82456DD6100268769 /* BattleTableViewCell.swift in Sources */ = {isa = PBXBuildFile; fileRef = 180FD4B72456DD6000268769 /* BattleTableViewCell.swift */; };
		180FD4BC2456E38100268769 /* NewBattleViewController.swift in Sources */ = {isa = PBXBuildFile; fileRef = 180FD4BB2456E38100268769 /* NewBattleViewController.swift */; };
		180FD4BE2456E3F500268769 /* NewBattleViewController.xib in Resources */ = {isa = PBXBuildFile; fileRef = 180FD4BD2456E3F500268769 /* NewBattleViewController.xib */; };
		180FD4C02457116600268769 /* CharacterDetailViewController.swift in Sources */ = {isa = PBXBuildFile; fileRef = 180FD4BF2457116600268769 /* CharacterDetailViewController.swift */; };
		181F44DB2452E217000AC81F /* CharacterDetailViewController.xib in Resources */ = {isa = PBXBuildFile; fileRef = 181F44DA2452E217000AC81F /* CharacterDetailViewController.xib */; };
		181FAB592455CED000DC46CF /* PowerChangeViewController.swift in Sources */ = {isa = PBXBuildFile; fileRef = 181FAB582455CED000DC46CF /* PowerChangeViewController.swift */; };
		181FAB5B2455DCC200DC46CF /* UserDefaultsProvider.swift in Sources */ = {isa = PBXBuildFile; fileRef = 181FAB5A2455DCC200DC46CF /* UserDefaultsProvider.swift */; };
		182ED7CF24583CAB0056D0F8 /* BattleTableViewCell.xib in Resources */ = {isa = PBXBuildFile; fileRef = 182ED7CE24583CAB0056D0F8 /* BattleTableViewCell.xib */; };
		18A722A52451ABBF00FEBF00 /* AppDelegate.swift in Sources */ = {isa = PBXBuildFile; fileRef = 18A722A42451ABBF00FEBF00 /* AppDelegate.swift */; };
		18A722A72451ABBF00FEBF00 /* SceneDelegate.swift in Sources */ = {isa = PBXBuildFile; fileRef = 18A722A62451ABBF00FEBF00 /* SceneDelegate.swift */; };
		18A722AF2451ABBF00FEBF00 /* AppAvengers.xcdatamodeld in Sources */ = {isa = PBXBuildFile; fileRef = 18A722AD2451ABBF00FEBF00 /* AppAvengers.xcdatamodeld */; };
		18A722B12451ABC800FEBF00 /* Assets.xcassets in Resources */ = {isa = PBXBuildFile; fileRef = 18A722B02451ABC800FEBF00 /* Assets.xcassets */; };
		18A722B42451ABC800FEBF00 /* LaunchScreen.storyboard in Resources */ = {isa = PBXBuildFile; fileRef = 18A722B22451ABC800FEBF00 /* LaunchScreen.storyboard */; };
		18A722BD2451AC6300FEBF00 /* HeroesViewController.swift in Sources */ = {isa = PBXBuildFile; fileRef = 18A722BB2451AC6300FEBF00 /* HeroesViewController.swift */; };
		18A722BE2451AC6300FEBF00 /* HeroesViewController.xib in Resources */ = {isa = PBXBuildFile; fileRef = 18A722BC2451AC6300FEBF00 /* HeroesViewController.xib */; };
		18A722CA2451E99100FEBF00 /* BattlesViewController.swift in Sources */ = {isa = PBXBuildFile; fileRef = 18A722C92451E99100FEBF00 /* BattlesViewController.swift */; };
		18A722CC2451E9B800FEBF00 /* BattlesViewController.xib in Resources */ = {isa = PBXBuildFile; fileRef = 18A722CB2451E9B800FEBF00 /* BattlesViewController.xib */; };
		18A722CE2451E9D400FEBF00 /* VillainsViewController.swift in Sources */ = {isa = PBXBuildFile; fileRef = 18A722CD2451E9D400FEBF00 /* VillainsViewController.swift */; };
		18A722D02451E9E300FEBF00 /* VillainsViewController.xib in Resources */ = {isa = PBXBuildFile; fileRef = 18A722CF2451E9E300FEBF00 /* VillainsViewController.xib */; };
		18A722D42452094400FEBF00 /* CharacterTableViewCell.swift in Sources */ = {isa = PBXBuildFile; fileRef = 18A722D32452094400FEBF00 /* CharacterTableViewCell.swift */; };
		18A722D62452095200FEBF00 /* CharacterTableViewCell.xib in Resources */ = {isa = PBXBuildFile; fileRef = 18A722D52452095200FEBF00 /* CharacterTableViewCell.xib */; };
		18A722D8245220D800FEBF00 /* DataProvider.swift in Sources */ = {isa = PBXBuildFile; fileRef = 18A722D7245220D800FEBF00 /* DataProvider.swift */; };
		18A722DA2452215B00FEBF00 /* Database.swift in Sources */ = {isa = PBXBuildFile; fileRef = 18A722D92452215B00FEBF00 /* Database.swift */; };
		18B0F57B2459758A00769602 /* BattlesCollectionViewCell.xib in Resources */ = {isa = PBXBuildFile; fileRef = 18B0F57A2459758A00769602 /* BattlesCollectionViewCell.xib */; };
		18B0F57D245976DE00769602 /* BattlesCollectionViewCell.swift in Sources */ = {isa = PBXBuildFile; fileRef = 18B0F57C245976DE00769602 /* BattlesCollectionViewCell.swift */; };
		18FE991424532B7700673F75 /* PowerChangeViewController.xib in Resources */ = {isa = PBXBuildFile; fileRef = 18FE991324532B7700673F75 /* PowerChangeViewController.xib */; };
/* End PBXBuildFile section */

/* Begin PBXFileReference section */
		180FD4B72456DD6000268769 /* BattleTableViewCell.swift */ = {isa = PBXFileReference; lastKnownFileType = sourcecode.swift; path = BattleTableViewCell.swift; sourceTree = "<group>"; };
		180FD4BB2456E38100268769 /* NewBattleViewController.swift */ = {isa = PBXFileReference; lastKnownFileType = sourcecode.swift; path = NewBattleViewController.swift; sourceTree = "<group>"; };
		180FD4BD2456E3F500268769 /* NewBattleViewController.xib */ = {isa = PBXFileReference; lastKnownFileType = file.xib; path = NewBattleViewController.xib; sourceTree = "<group>"; };
		180FD4BF2457116600268769 /* CharacterDetailViewController.swift */ = {isa = PBXFileReference; lastKnownFileType = sourcecode.swift; path = CharacterDetailViewController.swift; sourceTree = "<group>"; };
		181F44DA2452E217000AC81F /* CharacterDetailViewController.xib */ = {isa = PBXFileReference; lastKnownFileType = file.xib; path = CharacterDetailViewController.xib; sourceTree = "<group>"; };
		181FAB582455CED000DC46CF /* PowerChangeViewController.swift */ = {isa = PBXFileReference; lastKnownFileType = sourcecode.swift; path = PowerChangeViewController.swift; sourceTree = "<group>"; };
		181FAB5A2455DCC200DC46CF /* UserDefaultsProvider.swift */ = {isa = PBXFileReference; lastKnownFileType = sourcecode.swift; path = UserDefaultsProvider.swift; sourceTree = "<group>"; };
		182ED7CE24583CAB0056D0F8 /* BattleTableViewCell.xib */ = {isa = PBXFileReference; lastKnownFileType = file.xib; path = BattleTableViewCell.xib; sourceTree = "<group>"; };
		18A722A12451ABBF00FEBF00 /* AppAvengers.app */ = {isa = PBXFileReference; explicitFileType = wrapper.application; includeInIndex = 0; path = AppAvengers.app; sourceTree = BUILT_PRODUCTS_DIR; };
		18A722A42451ABBF00FEBF00 /* AppDelegate.swift */ = {isa = PBXFileReference; lastKnownFileType = sourcecode.swift; path = AppDelegate.swift; sourceTree = "<group>"; };
		18A722A62451ABBF00FEBF00 /* SceneDelegate.swift */ = {isa = PBXFileReference; lastKnownFileType = sourcecode.swift; path = SceneDelegate.swift; sourceTree = "<group>"; };
		18A722AE2451ABBF00FEBF00 /* AppAvengers.xcdatamodel */ = {isa = PBXFileReference; lastKnownFileType = wrapper.xcdatamodel; path = AppAvengers.xcdatamodel; sourceTree = "<group>"; };
		18A722B02451ABC800FEBF00 /* Assets.xcassets */ = {isa = PBXFileReference; lastKnownFileType = folder.assetcatalog; path = Assets.xcassets; sourceTree = "<group>"; };
		18A722B32451ABC800FEBF00 /* Base */ = {isa = PBXFileReference; lastKnownFileType = file.storyboard; name = Base; path = Base.lproj/LaunchScreen.storyboard; sourceTree = "<group>"; };
		18A722B52451ABC800FEBF00 /* Info.plist */ = {isa = PBXFileReference; lastKnownFileType = text.plist.xml; path = Info.plist; sourceTree = "<group>"; };
		18A722BB2451AC6300FEBF00 /* HeroesViewController.swift */ = {isa = PBXFileReference; lastKnownFileType = sourcecode.swift; path = HeroesViewController.swift; sourceTree = "<group>"; };
		18A722BC2451AC6300FEBF00 /* HeroesViewController.xib */ = {isa = PBXFileReference; lastKnownFileType = file.xib; path = HeroesViewController.xib; sourceTree = "<group>"; };
		18A722C92451E99100FEBF00 /* BattlesViewController.swift */ = {isa = PBXFileReference; lastKnownFileType = sourcecode.swift; path = BattlesViewController.swift; sourceTree = "<group>"; };
		18A722CB2451E9B800FEBF00 /* BattlesViewController.xib */ = {isa = PBXFileReference; lastKnownFileType = file.xib; path = BattlesViewController.xib; sourceTree = "<group>"; };
		18A722CD2451E9D400FEBF00 /* VillainsViewController.swift */ = {isa = PBXFileReference; lastKnownFileType = sourcecode.swift; path = VillainsViewController.swift; sourceTree = "<group>"; };
		18A722CF2451E9E300FEBF00 /* VillainsViewController.xib */ = {isa = PBXFileReference; lastKnownFileType = file.xib; path = VillainsViewController.xib; sourceTree = "<group>"; };
		18A722D32452094400FEBF00 /* CharacterTableViewCell.swift */ = {isa = PBXFileReference; lastKnownFileType = sourcecode.swift; path = CharacterTableViewCell.swift; sourceTree = "<group>"; };
		18A722D52452095200FEBF00 /* CharacterTableViewCell.xib */ = {isa = PBXFileReference; lastKnownFileType = file.xib; path = CharacterTableViewCell.xib; sourceTree = "<group>"; };
		18A722D7245220D800FEBF00 /* DataProvider.swift */ = {isa = PBXFileReference; lastKnownFileType = sourcecode.swift; path = DataProvider.swift; sourceTree = "<group>"; };
		18A722D92452215B00FEBF00 /* Database.swift */ = {isa = PBXFileReference; lastKnownFileType = sourcecode.swift; path = Database.swift; sourceTree = "<group>"; };
		18B0F57A2459758A00769602 /* BattlesCollectionViewCell.xib */ = {isa = PBXFileReference; lastKnownFileType = file.xib; path = BattlesCollectionViewCell.xib; sourceTree = "<group>"; };
		18B0F57C245976DE00769602 /* BattlesCollectionViewCell.swift */ = {isa = PBXFileReference; lastKnownFileType = sourcecode.swift; path = BattlesCollectionViewCell.swift; sourceTree = "<group>"; };
		18FE991324532B7700673F75 /* PowerChangeViewController.xib */ = {isa = PBXFileReference; lastKnownFileType = file.xib; path = PowerChangeViewController.xib; sourceTree = "<group>"; };
/* End PBXFileReference section */

/* Begin PBXFrameworksBuildPhase section */
		18A7229E2451ABBF00FEBF00 /* Frameworks */ = {
			isa = PBXFrameworksBuildPhase;
			buildActionMask = 2147483647;
			files = (
			);
			runOnlyForDeploymentPostprocessing = 0;
		};
/* End PBXFrameworksBuildPhase section */

/* Begin PBXGroup section */
		182ED7D02458513E0056D0F8 /* Battles */ = {
			isa = PBXGroup;
			children = (
				18A722C92451E99100FEBF00 /* BattlesViewController.swift */,
				180FD4BB2456E38100268769 /* NewBattleViewController.swift */,
				180FD4B72456DD6000268769 /* BattleTableViewCell.swift */,
			);
			path = Battles;
			sourceTree = "<group>";
		};
		182ED7D1245851550056D0F8 /* Battles */ = {
			isa = PBXGroup;
			children = (
				18A722CB2451E9B800FEBF00 /* BattlesViewController.xib */,
				180FD4BD2456E3F500268769 /* NewBattleViewController.xib */,
				182ED7CE24583CAB0056D0F8 /* BattleTableViewCell.xib */,
			);
			path = Battles;
			sourceTree = "<group>";
		};
		18855EAE2454B01C00CD4A7C /* Heroes */ = {
			isa = PBXGroup;
			children = (
				18A722BB2451AC6300FEBF00 /* HeroesViewController.swift */,
			);
			path = Heroes;
			sourceTree = "<group>";
		};
		18855EAF2454B08600CD4A7C /* Heroes */ = {
			isa = PBXGroup;
			children = (
				18A722BC2451AC6300FEBF00 /* HeroesViewController.xib */,
			);
			path = Heroes;
			sourceTree = "<group>";
		};
		18855EB62454B1C500CD4A7C /* Villains */ = {
			isa = PBXGroup;
			children = (
				18A722CD2451E9D400FEBF00 /* VillainsViewController.swift */,
			);
			path = Villains;
			sourceTree = "<group>";
		};
		18855EBB2454B23A00CD4A7C /* Villains */ = {
			isa = PBXGroup;
			children = (
				18A722CF2451E9E300FEBF00 /* VillainsViewController.xib */,
			);
			path = Villains;
			sourceTree = "<group>";
		};
		18A722982451ABBF00FEBF00 = {
			isa = PBXGroup;
			children = (
				18A722A32451ABBF00FEBF00 /* AppAvengers */,
				18A722A22451ABBF00FEBF00 /* Products */,
			);
			sourceTree = "<group>";
		};
		18A722A22451ABBF00FEBF00 /* Products */ = {
			isa = PBXGroup;
			children = (
				18A722A12451ABBF00FEBF00 /* AppAvengers.app */,
			);
			name = Products;
			sourceTree = "<group>";
		};
		18A722A32451ABBF00FEBF00 /* AppAvengers */ = {
			isa = PBXGroup;
			children = (
				18A722C12451B8FE00FEBF00 /* App */,
				18A722C82451E7BB00FEBF00 /* Resources */,
				18A722C62451E78F00FEBF00 /* Data */,
				18A722C22451E71000FEBF00 /* UI */,
			);
			path = AppAvengers;
			sourceTree = "<group>";
		};
		18A722C12451B8FE00FEBF00 /* App */ = {
			isa = PBXGroup;
			children = (
				18A722A42451ABBF00FEBF00 /* AppDelegate.swift */,
				18A722A62451ABBF00FEBF00 /* SceneDelegate.swift */,
				18A722B52451ABC800FEBF00 /* Info.plist */,
			);
			path = App;
			sourceTree = "<group>";
		};
		18A722C22451E71000FEBF00 /* UI */ = {
			isa = PBXGroup;
			children = (
				18A722C32451E72C00FEBF00 /* Controllers */,
				18A722C42451E73C00FEBF00 /* Views */,
			);
			path = UI;
			sourceTree = "<group>";
		};
		18A722C32451E72C00FEBF00 /* Controllers */ = {
			isa = PBXGroup;
			children = (
				18855EAE2454B01C00CD4A7C /* Heroes */,
				18855EB62454B1C500CD4A7C /* Villains */,
				182ED7D02458513E0056D0F8 /* Battles */,
				18A722D12452090700FEBF00 /* Shared */,
			);
			path = Controllers;
			sourceTree = "<group>";
		};
		18A722C42451E73C00FEBF00 /* Views */ = {
			isa = PBXGroup;
			children = (
				18855EAF2454B08600CD4A7C /* Heroes */,
				18855EBB2454B23A00CD4A7C /* Villains */,
				182ED7D1245851550056D0F8 /* Battles */,
				18A722D22452091C00FEBF00 /* Shared */,
				18A722B22451ABC800FEBF00 /* LaunchScreen.storyboard */,
			);
			path = Views;
			sourceTree = "<group>";
		};
		18A722C62451E78F00FEBF00 /* Data */ = {
			isa = PBXGroup;
			children = (
				18A722D7245220D800FEBF00 /* DataProvider.swift */,
				181FAB5A2455DCC200DC46CF /* UserDefaultsProvider.swift */,
				18A722C72451E79800FEBF00 /* Models */,
			);
			path = Data;
			sourceTree = "<group>";
		};
		18A722C72451E79800FEBF00 /* Models */ = {
			isa = PBXGroup;
			children = (
				18A722AD2451ABBF00FEBF00 /* AppAvengers.xcdatamodeld */,
				18A722D92452215B00FEBF00 /* Database.swift */,
			);
			path = Models;
			sourceTree = "<group>";
		};
		18A722C82451E7BB00FEBF00 /* Resources */ = {
			isa = PBXGroup;
			children = (
				18A722B02451ABC800FEBF00 /* Assets.xcassets */,
			);
			path = Resources;
			sourceTree = "<group>";
		};
		18A722D12452090700FEBF00 /* Shared */ = {
			isa = PBXGroup;
			children = (
				180FD4BF2457116600268769 /* CharacterDetailViewController.swift */,
				181FAB582455CED000DC46CF /* PowerChangeViewController.swift */,
				18B0F57F2459D84E00769602 /* Cells */,
			);
			path = Shared;
			sourceTree = "<group>";
		};
		18A722D22452091C00FEBF00 /* Shared */ = {
			isa = PBXGroup;
			children = (
				181F44DA2452E217000AC81F /* CharacterDetailViewController.xib */,
				18FE991324532B7700673F75 /* PowerChangeViewController.xib */,
				18B0F57E2459D83F00769602 /* Cells */,
			);
			path = Shared;
			sourceTree = "<group>";
		};
		18B0F57E2459D83F00769602 /* Cells */ = {
			isa = PBXGroup;
			children = (
				18A722D52452095200FEBF00 /* CharacterTableViewCell.xib */,
				18B0F57A2459758A00769602 /* BattlesCollectionViewCell.xib */,
			);
			path = Cells;
			sourceTree = "<group>";
		};
		18B0F57F2459D84E00769602 /* Cells */ = {
			isa = PBXGroup;
			children = (
				18A722D32452094400FEBF00 /* CharacterTableViewCell.swift */,
				18B0F57C245976DE00769602 /* BattlesCollectionViewCell.swift */,
			);
			path = Cells;
			sourceTree = "<group>";
		};
/* End PBXGroup section */

/* Begin PBXNativeTarget section */
		18A722A02451ABBF00FEBF00 /* AppAvengers */ = {
			isa = PBXNativeTarget;
			buildConfigurationList = 18A722B82451ABC800FEBF00 /* Build configuration list for PBXNativeTarget "AppAvengers" */;
			buildPhases = (
				18A7229D2451ABBF00FEBF00 /* Sources */,
				18A7229E2451ABBF00FEBF00 /* Frameworks */,
				18A7229F2451ABBF00FEBF00 /* Resources */,
			);
			buildRules = (
			);
			dependencies = (
			);
			name = AppAvengers;
			productName = AppAvengers;
			productReference = 18A722A12451ABBF00FEBF00 /* AppAvengers.app */;
			productType = "com.apple.product-type.application";
		};
/* End PBXNativeTarget section */

/* Begin PBXProject section */
		18A722992451ABBF00FEBF00 /* Project object */ = {
			isa = PBXProject;
			attributes = {
				LastSwiftUpdateCheck = 1130;
				LastUpgradeCheck = 1130;
				ORGANIZATIONNAME = "Javier Roche";
				TargetAttributes = {
					18A722A02451ABBF00FEBF00 = {
						CreatedOnToolsVersion = 11.3.1;
					};
				};
			};
			buildConfigurationList = 18A7229C2451ABBF00FEBF00 /* Build configuration list for PBXProject "AppAvengers" */;
			compatibilityVersion = "Xcode 9.3";
			developmentRegion = en;
			hasScannedForEncodings = 0;
			knownRegions = (
				en,
				Base,
			);
			mainGroup = 18A722982451ABBF00FEBF00;
			productRefGroup = 18A722A22451ABBF00FEBF00 /* Products */;
			projectDirPath = "";
			projectRoot = "";
			targets = (
				18A722A02451ABBF00FEBF00 /* AppAvengers */,
			);
		};
/* End PBXProject section */

/* Begin PBXResourcesBuildPhase section */
		18A7229F2451ABBF00FEBF00 /* Resources */ = {
			isa = PBXResourcesBuildPhase;
			buildActionMask = 2147483647;
			files = (
				18A722CC2451E9B800FEBF00 /* BattlesViewController.xib in Resources */,
				182ED7CF24583CAB0056D0F8 /* BattleTableViewCell.xib in Resources */,
				181F44DB2452E217000AC81F /* CharacterDetailViewController.xib in Resources */,
				18B0F57B2459758A00769602 /* BattlesCollectionViewCell.xib in Resources */,
				18A722D62452095200FEBF00 /* CharacterTableViewCell.xib in Resources */,
				180FD4BE2456E3F500268769 /* NewBattleViewController.xib in Resources */,
				18A722BE2451AC6300FEBF00 /* HeroesViewController.xib in Resources */,
				18A722B42451ABC800FEBF00 /* LaunchScreen.storyboard in Resources */,
				18A722D02451E9E300FEBF00 /* VillainsViewController.xib in Resources */,
				18FE991424532B7700673F75 /* PowerChangeViewController.xib in Resources */,
				18A722B12451ABC800FEBF00 /* Assets.xcassets in Resources */,
			);
			runOnlyForDeploymentPostprocessing = 0;
		};
/* End PBXResourcesBuildPhase section */

/* Begin PBXSourcesBuildPhase section */
		18A7229D2451ABBF00FEBF00 /* Sources */ = {
			isa = PBXSourcesBuildPhase;
			buildActionMask = 2147483647;
			files = (
				18A722AF2451ABBF00FEBF00 /* AppAvengers.xcdatamodeld in Sources */,
				18A722A52451ABBF00FEBF00 /* AppDelegate.swift in Sources */,
				18A722D8245220D800FEBF00 /* DataProvider.swift in Sources */,
				18A722D42452094400FEBF00 /* CharacterTableViewCell.swift in Sources */,
				18B0F57D245976DE00769602 /* BattlesCollectionViewCell.swift in Sources */,
				180FD4C02457116600268769 /* CharacterDetailViewController.swift in Sources */,
				181FAB5B2455DCC200DC46CF /* UserDefaultsProvider.swift in Sources */,
				18A722CE2451E9D400FEBF00 /* VillainsViewController.swift in Sources */,
				18A722CA2451E99100FEBF00 /* BattlesViewController.swift in Sources */,
				180FD4BC2456E38100268769 /* NewBattleViewController.swift in Sources */,
				18A722DA2452215B00FEBF00 /* Database.swift in Sources */,
				181FAB592455CED000DC46CF /* PowerChangeViewController.swift in Sources */,
				18A722A72451ABBF00FEBF00 /* SceneDelegate.swift in Sources */,
				180FD4B82456DD6100268769 /* BattleTableViewCell.swift in Sources */,
				18A722BD2451AC6300FEBF00 /* HeroesViewController.swift in Sources */,
			);
			runOnlyForDeploymentPostprocessing = 0;
		};
/* End PBXSourcesBuildPhase section */

/* Begin PBXVariantGroup section */
		18A722B22451ABC800FEBF00 /* LaunchScreen.storyboard */ = {
			isa = PBXVariantGroup;
			children = (
				18A722B32451ABC800FEBF00 /* Base */,
			);
			name = LaunchScreen.storyboard;
			sourceTree = "<group>";
		};
/* End PBXVariantGroup section */

/* Begin XCBuildConfiguration section */
		18A722B62451ABC800FEBF00 /* Debug */ = {
			isa = XCBuildConfiguration;
			buildSettings = {
				ALWAYS_SEARCH_USER_PATHS = NO;
				CLANG_ANALYZER_NONNULL = YES;
				CLANG_ANALYZER_NUMBER_OBJECT_CONVERSION = YES_AGGRESSIVE;
				CLANG_CXX_LANGUAGE_STANDARD = "gnu++14";
				CLANG_CXX_LIBRARY = "libc++";
				CLANG_ENABLE_MODULES = YES;
				CLANG_ENABLE_OBJC_ARC = YES;
				CLANG_ENABLE_OBJC_WEAK = YES;
				CLANG_WARN_BLOCK_CAPTURE_AUTORELEASING = YES;
				CLANG_WARN_BOOL_CONVERSION = YES;
				CLANG_WARN_COMMA = YES;
				CLANG_WARN_CONSTANT_CONVERSION = YES;
				CLANG_WARN_DEPRECATED_OBJC_IMPLEMENTATIONS = YES;
				CLANG_WARN_DIRECT_OBJC_ISA_USAGE = YES_ERROR;
				CLANG_WARN_DOCUMENTATION_COMMENTS = YES;
				CLANG_WARN_EMPTY_BODY = YES;
				CLANG_WARN_ENUM_CONVERSION = YES;
				CLANG_WARN_INFINITE_RECURSION = YES;
				CLANG_WARN_INT_CONVERSION = YES;
				CLANG_WARN_NON_LITERAL_NULL_CONVERSION = YES;
				CLANG_WARN_OBJC_IMPLICIT_RETAIN_SELF = YES;
				CLANG_WARN_OBJC_LITERAL_CONVERSION = YES;
				CLANG_WARN_OBJC_ROOT_CLASS = YES_ERROR;
				CLANG_WARN_RANGE_LOOP_ANALYSIS = YES;
				CLANG_WARN_STRICT_PROTOTYPES = YES;
				CLANG_WARN_SUSPICIOUS_MOVE = YES;
				CLANG_WARN_UNGUARDED_AVAILABILITY = YES_AGGRESSIVE;
				CLANG_WARN_UNREACHABLE_CODE = YES;
				CLANG_WARN__DUPLICATE_METHOD_MATCH = YES;
				COPY_PHASE_STRIP = NO;
				DEBUG_INFORMATION_FORMAT = dwarf;
				ENABLE_STRICT_OBJC_MSGSEND = YES;
				ENABLE_TESTABILITY = YES;
				GCC_C_LANGUAGE_STANDARD = gnu11;
				GCC_DYNAMIC_NO_PIC = NO;
				GCC_NO_COMMON_BLOCKS = YES;
				GCC_OPTIMIZATION_LEVEL = 0;
				GCC_PREPROCESSOR_DEFINITIONS = (
					"DEBUG=1",
					"$(inherited)",
				);
				GCC_WARN_64_TO_32_BIT_CONVERSION = YES;
				GCC_WARN_ABOUT_RETURN_TYPE = YES_ERROR;
				GCC_WARN_UNDECLARED_SELECTOR = YES;
				GCC_WARN_UNINITIALIZED_AUTOS = YES_AGGRESSIVE;
				GCC_WARN_UNUSED_FUNCTION = YES;
				GCC_WARN_UNUSED_VARIABLE = YES;
				IPHONEOS_DEPLOYMENT_TARGET = 13.2;
				MTL_ENABLE_DEBUG_INFO = INCLUDE_SOURCE;
				MTL_FAST_MATH = YES;
				ONLY_ACTIVE_ARCH = YES;
				SDKROOT = iphoneos;
				SWIFT_ACTIVE_COMPILATION_CONDITIONS = DEBUG;
				SWIFT_OPTIMIZATION_LEVEL = "-Onone";
			};
			name = Debug;
		};
		18A722B72451ABC800FEBF00 /* Release */ = {
			isa = XCBuildConfiguration;
			buildSettings = {
				ALWAYS_SEARCH_USER_PATHS = NO;
				CLANG_ANALYZER_NONNULL = YES;
				CLANG_ANALYZER_NUMBER_OBJECT_CONVERSION = YES_AGGRESSIVE;
				CLANG_CXX_LANGUAGE_STANDARD = "gnu++14";
				CLANG_CXX_LIBRARY = "libc++";
				CLANG_ENABLE_MODULES = YES;
				CLANG_ENABLE_OBJC_ARC = YES;
				CLANG_ENABLE_OBJC_WEAK = YES;
				CLANG_WARN_BLOCK_CAPTURE_AUTORELEASING = YES;
				CLANG_WARN_BOOL_CONVERSION = YES;
				CLANG_WARN_COMMA = YES;
				CLANG_WARN_CONSTANT_CONVERSION = YES;
				CLANG_WARN_DEPRECATED_OBJC_IMPLEMENTATIONS = YES;
				CLANG_WARN_DIRECT_OBJC_ISA_USAGE = YES_ERROR;
				CLANG_WARN_DOCUMENTATION_COMMENTS = YES;
				CLANG_WARN_EMPTY_BODY = YES;
				CLANG_WARN_ENUM_CONVERSION = YES;
				CLANG_WARN_INFINITE_RECURSION = YES;
				CLANG_WARN_INT_CONVERSION = YES;
				CLANG_WARN_NON_LITERAL_NULL_CONVERSION = YES;
				CLANG_WARN_OBJC_IMPLICIT_RETAIN_SELF = YES;
				CLANG_WARN_OBJC_LITERAL_CONVERSION = YES;
				CLANG_WARN_OBJC_ROOT_CLASS = YES_ERROR;
				CLANG_WARN_RANGE_LOOP_ANALYSIS = YES;
				CLANG_WARN_STRICT_PROTOTYPES = YES;
				CLANG_WARN_SUSPICIOUS_MOVE = YES;
				CLANG_WARN_UNGUARDED_AVAILABILITY = YES_AGGRESSIVE;
				CLANG_WARN_UNREACHABLE_CODE = YES;
				CLANG_WARN__DUPLICATE_METHOD_MATCH = YES;
				COPY_PHASE_STRIP = NO;
				DEBUG_INFORMATION_FORMAT = "dwarf-with-dsym";
				ENABLE_NS_ASSERTIONS = NO;
				ENABLE_STRICT_OBJC_MSGSEND = YES;
				GCC_C_LANGUAGE_STANDARD = gnu11;
				GCC_NO_COMMON_BLOCKS = YES;
				GCC_WARN_64_TO_32_BIT_CONVERSION = YES;
				GCC_WARN_ABOUT_RETURN_TYPE = YES_ERROR;
				GCC_WARN_UNDECLARED_SELECTOR = YES;
				GCC_WARN_UNINITIALIZED_AUTOS = YES_AGGRESSIVE;
				GCC_WARN_UNUSED_FUNCTION = YES;
				GCC_WARN_UNUSED_VARIABLE = YES;
				IPHONEOS_DEPLOYMENT_TARGET = 13.2;
				MTL_ENABLE_DEBUG_INFO = NO;
				MTL_FAST_MATH = YES;
				SDKROOT = iphoneos;
				SWIFT_COMPILATION_MODE = wholemodule;
				SWIFT_OPTIMIZATION_LEVEL = "-O";
				VALIDATE_PRODUCT = YES;
			};
			name = Release;
		};
		18A722B92451ABC800FEBF00 /* Debug */ = {
			isa = XCBuildConfiguration;
			buildSettings = {
				ASSETCATALOG_COMPILER_APPICON_NAME = AppIcon;
				CODE_SIGN_STYLE = Automatic;
				INFOPLIST_FILE = AppAvengers/App/Info.plist;
				LD_RUNPATH_SEARCH_PATHS = (
					"$(inherited)",
					"@executable_path/Frameworks",
				);
				PRODUCT_BUNDLE_IDENTIFIER = Roche.AppAvengers;
				PRODUCT_NAME = "$(TARGET_NAME)";
				SWIFT_VERSION = 5.0;
				TARGETED_DEVICE_FAMILY = "1,2";
			};
			name = Debug;
		};
		18A722BA2451ABC800FEBF00 /* Release */ = {
			isa = XCBuildConfiguration;
			buildSettings = {
				ASSETCATALOG_COMPILER_APPICON_NAME = AppIcon;
				CODE_SIGN_STYLE = Automatic;
				INFOPLIST_FILE = AppAvengers/App/Info.plist;
				LD_RUNPATH_SEARCH_PATHS = (
					"$(inherited)",
					"@executable_path/Frameworks",
				);
				PRODUCT_BUNDLE_IDENTIFIER = Roche.AppAvengers;
				PRODUCT_NAME = "$(TARGET_NAME)";
				SWIFT_VERSION = 5.0;
				TARGETED_DEVICE_FAMILY = "1,2";
			};
			name = Release;
		};
/* End XCBuildConfiguration section */

/* Begin XCConfigurationList section */
		18A7229C2451ABBF00FEBF00 /* Build configuration list for PBXProject "AppAvengers" */ = {
			isa = XCConfigurationList;
			buildConfigurations = (
				18A722B62451ABC800FEBF00 /* Debug */,
				18A722B72451ABC800FEBF00 /* Release */,
			);
			defaultConfigurationIsVisible = 0;
			defaultConfigurationName = Release;
		};
		18A722B82451ABC800FEBF00 /* Build configuration list for PBXNativeTarget "AppAvengers" */ = {
			isa = XCConfigurationList;
			buildConfigurations = (
				18A722B92451ABC800FEBF00 /* Debug */,
				18A722BA2451ABC800FEBF00 /* Release */,
			);
			defaultConfigurationIsVisible = 0;
			defaultConfigurationName = Release;
		};
/* End XCConfigurationList section */

/* Begin XCVersionGroup section */
		18A722AD2451ABBF00FEBF00 /* AppAvengers.xcdatamodeld */ = {
			isa = XCVersionGroup;
			children = (
				18A722AE2451ABBF00FEBF00 /* AppAvengers.xcdatamodel */,
			);
			currentVersion = 18A722AE2451ABBF00FEBF00 /* AppAvengers.xcdatamodel */;
			path = AppAvengers.xcdatamodeld;
			sourceTree = "<group>";
			versionGroupType = wrapper.xcdatamodel;
		};
/* End XCVersionGroup section */
	};
	rootObject = 18A722992451ABBF00FEBF00 /* Project object */;
}
